
Microsoft Visual Studio Solution File, Format Version 12.00
# Visual Studio Version 17
VisualStudioVersion = 17.5.002.0
MinimumVisualStudioVersion = 10.0.40219.1
Project("{9A19103F-16F7-4668-BE54-9A1E7A4F7556}") = "backend", "backend\backend.csproj", "{1785E74D-EEE5-4D89-BC98-1A16240A235F}"
EndProject
Global
	GlobalSection(SolutionConfigurationPlatforms) = preSolution
		Debug|Any CPU = Debug|Any CPU
		Release|Any CPU = Release|Any CPU
	EndGlobalSection
	GlobalSection(ProjectConfigurationPlatforms) = postSolution
		{1785E74D-EEE5-4D89-BC98-1A16240A235F}.Debug|Any CPU.ActiveCfg = Debug|Any CPU
		{1785E74D-EEE5-4D89-BC98-1A16240A235F}.Debug|Any CPU.Build.0 = Debug|Any CPU
		{1785E74D-EEE5-4D89-BC98-1A16240A235F}.Release|Any CPU.ActiveCfg = Release|Any CPU
		{1785E74D-EEE5-4D89-BC98-1A16240A235F}.Release|Any CPU.Build.0 = Release|Any CPU
	EndGlobalSection
	GlobalSection(SolutionProperties) = preSolution
		HideSolutionNode = FALSE
	EndGlobalSection
	GlobalSection(ExtensibilityGlobals) = postSolution
		SolutionGuid = {39A9DB2A-2800-47F3-847D-8605C453E6DC}
	EndGlobalSection
EndGlobal
